
Microsoft Visual Studio Solution File, Format Version 12.00
# Visual Studio Version 17
VisualStudioVersion = 17.3.32922.545
MinimumVisualStudioVersion = 10.0.40219.1
Project("{FAE04EC0-301F-11D3-BF4B-00C04F79EFBC}") = "ReproductorVideo", "ReproductorVideo\ReproductorVideo.csproj", "{5DF0CC50-2F51-4F23-A9C9-21D271C443C3}"
EndProject
Global
	GlobalSection(SolutionConfigurationPlatforms) = preSolution
		Debug|Any CPU = Debug|Any CPU
		Release|Any CPU = Release|Any CPU
	EndGlobalSection
	GlobalSection(ProjectConfigurationPlatforms) = postSolution
		{5DF0CC50-2F51-4F23-A9C9-21D271C443C3}.Debug|Any CPU.ActiveCfg = Debug|Any CPU
		{5DF0CC50-2F51-4F23-A9C9-21D271C443C3}.Debug|Any CPU.Build.0 = Debug|Any CPU
		{5DF0CC50-2F51-4F23-A9C9-21D271C443C3}.Release|Any CPU.ActiveCfg = Release|Any CPU
		{5DF0CC50-2F51-4F23-A9C9-21D271C443C3}.Release|Any CPU.Build.0 = Release|Any CPU
	EndGlobalSection
	GlobalSection(SolutionProperties) = preSolution
		HideSolutionNode = FALSE
	EndGlobalSection
	GlobalSection(ExtensibilityGlobals) = postSolution
		SolutionGuid = {70D83809-33E0-48D3-BDCC-B633459B0126}
	EndGlobalSection
EndGlobal
