
Microsoft Visual Studio Solution File, Format Version 12.00
# Visual Studio Version 17
VisualStudioVersion = 17.3.32922.545
MinimumVisualStudioVersion = 10.0.40219.1
Project("{FAE04EC0-301F-11D3-BF4B-00C04F79EFBC}") = "LibreriaFuncionesPC", "LibreriaFuncionesPC\LibreriaFuncionesPC.csproj", "{92B276E5-2BC9-459C-84ED-7676ADD3F4EC}"
EndProject
Global
	GlobalSection(SolutionConfigurationPlatforms) = preSolution
		Debug|Any CPU = Debug|Any CPU
		Release|Any CPU = Release|Any CPU
	EndGlobalSection
	GlobalSection(ProjectConfigurationPlatforms) = postSolution
		{92B276E5-2BC9-459C-84ED-7676ADD3F4EC}.Debug|Any CPU.ActiveCfg = Debug|Any CPU
		{92B276E5-2BC9-459C-84ED-7676ADD3F4EC}.Debug|Any CPU.Build.0 = Debug|Any CPU
		{92B276E5-2BC9-459C-84ED-7676ADD3F4EC}.Release|Any CPU.ActiveCfg = Release|Any CPU
		{92B276E5-2BC9-459C-84ED-7676ADD3F4EC}.Release|Any CPU.Build.0 = Release|Any CPU
	EndGlobalSection
	GlobalSection(SolutionProperties) = preSolution
		HideSolutionNode = FALSE
	EndGlobalSection
	GlobalSection(ExtensibilityGlobals) = postSolution
		SolutionGuid = {E898F186-564A-4660-A86D-6603ACA2F46A}
	EndGlobalSection
EndGlobal
